// !$*UTF8*$!
{
	archiveVersion = 1;
	classes = {
	};
	objectVersion = 46;
	objects = {

/* Begin PBXBuildFile section */
		9DEEB54C1C7D352600E409FB /* main.m in Sources */ = {isa = PBXBuildFile; fileRef = 9DEEB54B1C7D352600E409FB /* main.m */; };
		9DEEB54F1C7D352600E409FB /* AppDelegate.m in Sources */ = {isa = PBXBuildFile; fileRef = 9DEEB54E1C7D352600E409FB /* AppDelegate.m */; };
		9DEEB5521C7D352600E409FB /* ViewController.m in Sources */ = {isa = PBXBuildFile; fileRef = 9DEEB5511C7D352600E409FB /* ViewController.m */; };
		9DEEB5551C7D352600E409FB /* Main.storyboard in Resources */ = {isa = PBXBuildFile; fileRef = 9DEEB5531C7D352600E409FB /* Main.storyboard */; };
		9DEEB5571C7D352600E409FB /* Assets.xcassets in Resources */ = {isa = PBXBuildFile; fileRef = 9DEEB5561C7D352600E409FB /* Assets.xcassets */; };
		9DEEB55A1C7D352600E409FB /* LaunchScreen.storyboard in Resources */ = {isa = PBXBuildFile; fileRef = 9DEEB5581C7D352600E409FB /* LaunchScreen.storyboard */; };
		9DEEB5631C7D40E600E409FB /* ViewController2.m in Sources */ = {isa = PBXBuildFile; fileRef = 9DEEB5621C7D40E600E409FB /* ViewController2.m */; };
/* End PBXBuildFile section */

/* Begin PBXFileReference section */
		9DEEB5471C7D352500E409FB /* coreBluetoothTest.app */ = {isa = PBXFileReference; explicitFileType = wrapper.application; includeInIndex = 0; path = coreBluetoothTest.app; sourceTree = BUILT_PRODUCTS_DIR; };
		9DEEB54B1C7D352600E409FB /* main.m */ = {isa = PBXFileReference; lastKnownFileType = sourcecode.c.objc; path = main.m; sourceTree = "<group>"; };
		9DEEB54D1C7D352600E409FB /* AppDelegate.h */ = {isa = PBXFileReference; lastKnownFileType = sourcecode.c.h; path = AppDelegate.h; sourceTree = "<group>"; };
		9DEEB54E1C7D352600E409FB /* AppDelegate.m */ = {isa = PBXFileReference; lastKnownFileType = sourcecode.c.objc; path = AppDelegate.m; sourceTree = "<group>"; };
		9DEEB5501C7D352600E409FB /* ViewController.h */ = {isa = PBXFileReference; lastKnownFileType = sourcecode.c.h; path = ViewController.h; sourceTree = "<group>"; };
		9DEEB5511C7D352600E409FB /* ViewController.m */ = {isa = PBXFileReference; lastKnownFileType = sourcecode.c.objc; path = ViewController.m; sourceTree = "<group>"; };
		9DEEB5541C7D352600E409FB /* Base */ = {isa = PBXFileReference; lastKnownFileType = file.storyboard; name = Base; path = Base.lproj/Main.storyboard; sourceTree = "<group>"; };
		9DEEB5561C7D352600E409FB /* Assets.xcassets */ = {isa = PBXFileReference; lastKnownFileType = folder.assetcatalog; path = Assets.xcassets; sourceTree = "<group>"; };
		9DEEB5591C7D352600E409FB /* Base */ = {isa = PBXFileReference; lastKnownFileType = file.storyboard; name = Base; path = Base.lproj/LaunchScreen.storyboard; sourceTree = "<group>"; };
		9DEEB55B1C7D352600E409FB /* Info.plist */ = {isa = PBXFileReference; lastKnownFileType = text.plist.xml; path = Info.plist; sourceTree = "<group>"; };
		9DEEB5611C7D40E600E409FB /* ViewController2.h */ = {isa = PBXFileReference; fileEncoding = 4; lastKnownFileType = sourcecode.c.h; path = ViewController2.h; sourceTree = "<group>"; };
		9DEEB5621C7D40E600E409FB /* ViewController2.m */ = {isa = PBXFileReference; fileEncoding = 4; lastKnownFileType = sourcecode.c.objc; path = ViewController2.m; sourceTree = "<group>"; };
/* End PBXFileReference section */

/* Begin PBXFrameworksBuildPhase section */
		9DEEB5441C7D352500E409FB /* Frameworks */ = {
			isa = PBXFrameworksBuildPhase;
			buildActionMask = 2147483647;
			files = (
			);
			runOnlyForDeploymentPostprocessing = 0;
		};
/* End PBXFrameworksBuildPhase section */

/* Begin PBXGroup section */
		9DEEB53E1C7D352500E409FB = {
			isa = PBXGroup;
			children = (
				9DEEB5491C7D352600E409FB /* coreBluetoothTest */,
				9DEEB5481C7D352500E409FB /* Products */,
			);
			sourceTree = "<group>";
		};
		9DEEB5481C7D352500E409FB /* Products */ = {
			isa = PBXGroup;
			children = (
				9DEEB5471C7D352500E409FB /* coreBluetoothTest.app */,
			);
			name = Products;
			sourceTree = "<group>";
		};
		9DEEB5491C7D352600E409FB /* coreBluetoothTest */ = {
			isa = PBXGroup;
			children = (
				9DEEB54D1C7D352600E409FB /* AppDelegate.h */,
				9DEEB54E1C7D352600E409FB /* AppDelegate.m */,
				9DEEB5501C7D352600E409FB /* ViewController.h */,
				9DEEB5511C7D352600E409FB /* ViewController.m */,
				9DEEB5611C7D40E600E409FB /* ViewController2.h */,
				9DEEB5621C7D40E600E409FB /* ViewController2.m */,
				9DEEB5531C7D352600E409FB /* Main.storyboard */,
				9DEEB5561C7D352600E409FB /* Assets.xcassets */,
				9DEEB5581C7D352600E409FB /* LaunchScreen.storyboard */,
				9DEEB55B1C7D352600E409FB /* Info.plist */,
				9DEEB54A1C7D352600E409FB /* Supporting Files */,
			);
			path = coreBluetoothTest;
			sourceTree = "<group>";
		};
		9DEEB54A1C7D352600E409FB /* Supporting Files */ = {
			isa = PBXGroup;
			children = (
				9DEEB54B1C7D352600E409FB /* main.m */,
			);
			name = "Supporting Files";
			sourceTree = "<group>";
		};
/* End PBXGroup section */

/* Begin PBXNativeTarget section */
		9DEEB5461C7D352500E409FB /* coreBluetoothTest */ = {
			isa = PBXNativeTarget;
			buildConfigurationList = 9DEEB55E1C7D352600E409FB /* Build configuration list for PBXNativeTarget "coreBluetoothTest" */;
			buildPhases = (
				9DEEB5431C7D352500E409FB /* Sources */,
				9DEEB5441C7D352500E409FB /* Frameworks */,
				9DEEB5451C7D352500E409FB /* Resources */,
			);
			buildRules = (
			);
			dependencies = (
			);
			name = coreBluetoothTest;
			productName = coreBluetoothTest;
			productReference = 9DEEB5471C7D352500E409FB /* coreBluetoothTest.app */;
			productType = "com.apple.product-type.application";
		};
/* End PBXNativeTarget section */

/* Begin PBXProject section */
		9DEEB53F1C7D352500E409FB /* Project object */ = {
			isa = PBXProject;
			attributes = {
				LastUpgradeCheck = 0720;
				ORGANIZATIONNAME = star;
				TargetAttributes = {
					9DEEB5461C7D352500E409FB = {
						CreatedOnToolsVersion = 7.2.1;
					};
				};
			};
			buildConfigurationList = 9DEEB5421C7D352500E409FB /* Build configuration list for PBXProject "coreBluetoothTest" */;
			compatibilityVersion = "Xcode 3.2";
			developmentRegion = English;
			hasScannedForEncodings = 0;
			knownRegions = (
				en,
				Base,
			);
			mainGroup = 9DEEB53E1C7D352500E409FB;
			productRefGroup = 9DEEB5481C7D352500E409FB /* Products */;
			projectDirPath = "";
			projectRoot = "";
			targets = (
				9DEEB5461C7D352500E409FB /* coreBluetoothTest */,
			);
		};
/* End PBXProject section */

/* Begin PBXResourcesBuildPhase section */
		9DEEB5451C7D352500E409FB /* Resources */ = {
			isa = PBXResourcesBuildPhase;
			buildActionMask = 2147483647;
			files = (
				9DEEB55A1C7D352600E409FB /* LaunchScreen.storyboard in Resources */,
				9DEEB5571C7D352600E409FB /* Assets.xcassets in Resources */,
				9DEEB5551C7D352600E409FB /* Main.storyboard in Resources */,
			);
			runOnlyForDeploymentPostprocessing = 0;
		};
/* End PBXResourcesBuildPhase section */

/* Begin PBXSourcesBuildPhase section */
		9DEEB5431C7D352500E409FB /* Sources */ = {
			isa = PBXSourcesBuildPhase;
			buildActionMask = 2147483647;
			files = (
				9DEEB5521C7D352600E409FB /* ViewController.m in Sources */,
				9DEEB5631C7D40E600E409FB /* ViewController2.m in Sources */,
				9DEEB54F1C7D352600E409FB /* AppDelegate.m in Sources */,
				9DEEB54C1C7D352600E409FB /* main.m in Sources */,
			);
			runOnlyForDeploymentPostprocessing = 0;
		};
/* End PBXSourcesBuildPhase section */

/* Begin PBXVariantGroup section */
		9DEEB5531C7D352600E409FB /* Main.storyboard */ = {
			isa = PBXVariantGroup;
			children = (
				9DEEB5541C7D352600E409FB /* Base */,
			);
			name = Main.storyboard;
			sourceTree = "<group>";
		};
		9DEEB5581C7D352600E409FB /* LaunchScreen.storyboard */ = {
			isa = PBXVariantGroup;
			children = (
				9DEEB5591C7D352600E409FB /* Base */,
			);
			name = LaunchScreen.storyboard;
			sourceTree = "<group>";
		};
/* End PBXVariantGroup section */

/* Begin XCBuildConfiguration section */
		9DEEB55C1C7D352600E409FB /* Debug */ = {
			isa = XCBuildConfiguration;
			buildSettings = {
				ALWAYS_SEARCH_USER_PATHS = NO;
				CLANG_CXX_LANGUAGE_STANDARD = "gnu++0x";
				CLANG_CXX_LIBRARY = "libc++";
				CLANG_ENABLE_MODULES = YES;
				CLANG_ENABLE_OBJC_ARC = YES;
				CLANG_WARN_BOOL_CONVERSION = YES;
				CLANG_WARN_CONSTANT_CONVERSION = YES;
				CLANG_WARN_DIRECT_OBJC_ISA_USAGE = YES_ERROR;
				CLANG_WARN_EMPTY_BODY = YES;
				CLANG_WARN_ENUM_CONVERSION = YES;
				CLANG_WARN_INT_CONVERSION = YES;
				CLANG_WARN_OBJC_ROOT_CLASS = YES_ERROR;
				CLANG_WARN_UNREACHABLE_CODE = YES;
				CLANG_WARN__DUPLICATE_METHOD_MATCH = YES;
				"CODE_SIGN_IDENTITY[sdk=iphoneos*]" = "iPhone Developer";
				COPY_PHASE_STRIP = NO;
				DEBUG_INFORMATION_FORMAT = dwarf;
				ENABLE_STRICT_OBJC_MSGSEND = YES;
				ENABLE_TESTABILITY = YES;
				GCC_C_LANGUAGE_STANDARD = gnu99;
				GCC_DYNAMIC_NO_PIC = NO;
				GCC_NO_COMMON_BLOCKS = YES;
				GCC_OPTIMIZATION_LEVEL = 0;
				GCC_PREPROCESSOR_DEFINITIONS = (
					"DEBUG=1",
					"$(inherited)",
				);
				GCC_WARN_64_TO_32_BIT_CONVERSION = YES;
				GCC_WARN_ABOUT_RETURN_TYPE = YES_ERROR;
				GCC_WARN_UNDECLARED_SELECTOR = YES;
				GCC_WARN_UNINITIALIZED_AUTOS = YES_AGGRESSIVE;
				GCC_WARN_UNUSED_FUNCTION = YES;
				GCC_WARN_UNUSED_VARIABLE = YES;
				IPHONEOS_DEPLOYMENT_TARGET = 9.2;
				MTL_ENABLE_DEBUG_INFO = YES;
				ONLY_ACTIVE_ARCH = YES;
				SDKROOT = iphoneos;
			};
			name = Debug;
		};
		9DEEB55D1C7D352600E409FB /* Release */ = {
			isa = XCBuildConfiguration;
			buildSettings = {
				ALWAYS_SEARCH_USER_PATHS = NO;
				CLANG_CXX_LANGUAGE_STANDARD = "gnu++0x";
				CLANG_CXX_LIBRARY = "libc++";
				CLANG_ENABLE_MODULES = YES;
				CLANG_ENABLE_OBJC_ARC = YES;
				CLANG_WARN_BOOL_CONVERSION = YES;
				CLANG_WARN_CONSTANT_CONVERSION = YES;
				CLANG_WARN_DIRECT_OBJC_ISA_USAGE = YES_ERROR;
				CLANG_WARN_EMPTY_BODY = YES;
				CLANG_WARN_ENUM_CONVERSION = YES;
				CLANG_WARN_INT_CONVERSION = YES;
				CLANG_WARN_OBJC_ROOT_CLASS = YES_ERROR;
				CLANG_WARN_UNREACHABLE_CODE = YES;
				CLANG_WARN__DUPLICATE_METHOD_MATCH = YES;
				"CODE_SIGN_IDENTITY[sdk=iphoneos*]" = "iPhone Developer";
				COPY_PHASE_STRIP = NO;
				DEBUG_INFORMATION_FORMAT = "dwarf-with-dsym";
				ENABLE_NS_ASSERTIONS = NO;
				ENABLE_STRICT_OBJC_MSGSEND = YES;
				GCC_C_LANGUAGE_STANDARD = gnu99;
				GCC_NO_COMMON_BLOCKS = YES;
				GCC_WARN_64_TO_32_BIT_CONVERSION = YES;
				GCC_WARN_ABOUT_RETURN_TYPE = YES_ERROR;
				GCC_WARN_UNDECLARED_SELECTOR = YES;
				GCC_WARN_UNINITIALIZED_AUTOS = YES_AGGRESSIVE;
				GCC_WARN_UNUSED_FUNCTION = YES;
				GCC_WARN_UNUSED_VARIABLE = YES;
				IPHONEOS_DEPLOYMENT_TARGET = 9.2;
				MTL_ENABLE_DEBUG_INFO = NO;
				SDKROOT = iphoneos;
				VALIDATE_PRODUCT = YES;
			};
			name = Release;
		};
		9DEEB55F1C7D352600E409FB /* Debug */ = {
			isa = XCBuildConfiguration;
			buildSettings = {
				ASSETCATALOG_COMPILER_APPICON_NAME = AppIcon;
				INFOPLIST_FILE = coreBluetoothTest/Info.plist;
				LD_RUNPATH_SEARCH_PATHS = "$(inherited) @executable_path/Frameworks";
				PRODUCT_BUNDLE_IDENTIFIER = com.wang.mingmin.coreBluetoothTest;
				PRODUCT_NAME = "$(TARGET_NAME)";
			};
			name = Debug;
		};
		9DEEB5601C7D352600E409FB /* Release */ = {
			isa = XCBuildConfiguration;
			buildSettings = {
				ASSETCATALOG_COMPILER_APPICON_NAME = AppIcon;
				INFOPLIST_FILE = coreBluetoothTest/Info.plist;
				LD_RUNPATH_SEARCH_PATHS = "$(inherited) @executable_path/Frameworks";
				PRODUCT_BUNDLE_IDENTIFIER = com.wang.mingmin.coreBluetoothTest;
				PRODUCT_NAME = "$(TARGET_NAME)";
			};
			name = Release;
		};
/* End XCBuildConfiguration section */

/* Begin XCConfigurationList section */
		9DEEB5421C7D352500E409FB /* Build configuration list for PBXProject "coreBluetoothTest" */ = {
			isa = XCConfigurationList;
			buildConfigurations = (
				9DEEB55C1C7D352600E409FB /* Debug */,
				9DEEB55D1C7D352600E409FB /* Release */,
			);
			defaultConfigurationIsVisible = 0;
			defaultConfigurationName = Release;
		};
		9DEEB55E1C7D352600E409FB /* Build configuration list for PBXNativeTarget "coreBluetoothTest" */ = {
			isa = XCConfigurationList;
			buildConfigurations = (
				9DEEB55F1C7D352600E409FB /* Debug */,
				9DEEB5601C7D352600E409FB /* Release */,
			);
			defaultConfigurationIsVisible = 0;
		};
/* End XCConfigurationList section */
	};
	rootObject = 9DEEB53F1C7D352500E409FB /* Project object */;
}
